
Microsoft Visual Studio Solution File, Format Version 12.00
# Visual Studio Version 17
VisualStudioVersion = 17.0.31903.59
MinimumVisualStudioVersion = 10.0.40219.1
Project("{2150E333-8FDC-42A3-9474-1A3956D46DE8}") = "src", "src", "{DB160D4D-90D2-45EA-A8BF-698A577D37D7}"
EndProject
Project("{9A19103F-16F7-4668-BE54-9A1E7A4F7556}") = "Sales.Application", "src\Sales.Application\Sales.Application.csproj", "{7AC78E22-0191-4F89-948D-60D5CC2D1117}"
EndProject
Project("{9A19103F-16F7-4668-BE54-9A1E7A4F7556}") = "Sales.Domain", "src\Sales.Domain\Sales.Domain.csproj", "{5189CFFB-36C9-4D18-A8A4-6A54F949B448}"
EndProject
Project("{9A19103F-16F7-4668-BE54-9A1E7A4F7556}") = "Sales.Infra", "src\Sales.Infra\Sales.Infra.csproj", "{AF0C77BC-5129-422B-B8D6-B57D0E3F4E05}"
EndProject
Project("{9A19103F-16F7-4668-BE54-9A1E7A4F7556}") = "Sales.API", "src\Sales.API\Sales.API.csproj", "{8939BEBD-C95F-4652-91EF-653AD8C9EBE5}"
EndProject
Project("{2150E333-8FDC-42A3-9474-1A3956D46DE8}") = "tests", "tests", "{3C765C50-6409-4F24-82C5-1564BC9D27F6}"
EndProject
Project("{2150E333-8FDC-42A3-9474-1A3956D46DE8}") = "Unit-Tests", "Unit-Tests", "{10043412-25D3-4E3D-BD44-3FF3674B95EB}"
EndProject
Project("{9A19103F-16F7-4668-BE54-9A1E7A4F7556}") = "Sales.Application.Tests", "tests\unit-tests\Sales.Application.Tests\Sales.Application.Tests.csproj", "{E3486E9F-E338-4998-AB9E-C61037AB9106}"
EndProject
Project("{9A19103F-16F7-4668-BE54-9A1E7A4F7556}") = "Sales.Infra.Tests", "tests\unit-tests\Sales.Infra.Tests\Sales.Infra.Tests.csproj", "{6BE7EE0A-7EA4-4B0E-A683-FA094068A1DC}"
EndProject
Global
	GlobalSection(SolutionConfigurationPlatforms) = preSolution
		Debug|Any CPU = Debug|Any CPU
		Release|Any CPU = Release|Any CPU
	EndGlobalSection
	GlobalSection(ProjectConfigurationPlatforms) = postSolution
		{7AC78E22-0191-4F89-948D-60D5CC2D1117}.Debug|Any CPU.ActiveCfg = Debug|Any CPU
		{7AC78E22-0191-4F89-948D-60D5CC2D1117}.Debug|Any CPU.Build.0 = Debug|Any CPU
		{7AC78E22-0191-4F89-948D-60D5CC2D1117}.Release|Any CPU.ActiveCfg = Release|Any CPU
		{7AC78E22-0191-4F89-948D-60D5CC2D1117}.Release|Any CPU.Build.0 = Release|Any CPU
		{5189CFFB-36C9-4D18-A8A4-6A54F949B448}.Debug|Any CPU.ActiveCfg = Debug|Any CPU
		{5189CFFB-36C9-4D18-A8A4-6A54F949B448}.Debug|Any CPU.Build.0 = Debug|Any CPU
		{5189CFFB-36C9-4D18-A8A4-6A54F949B448}.Release|Any CPU.ActiveCfg = Release|Any CPU
		{5189CFFB-36C9-4D18-A8A4-6A54F949B448}.Release|Any CPU.Build.0 = Release|Any CPU
		{AF0C77BC-5129-422B-B8D6-B57D0E3F4E05}.Debug|Any CPU.ActiveCfg = Debug|Any CPU
		{AF0C77BC-5129-422B-B8D6-B57D0E3F4E05}.Debug|Any CPU.Build.0 = Debug|Any CPU
		{AF0C77BC-5129-422B-B8D6-B57D0E3F4E05}.Release|Any CPU.ActiveCfg = Release|Any CPU
		{AF0C77BC-5129-422B-B8D6-B57D0E3F4E05}.Release|Any CPU.Build.0 = Release|Any CPU
		{8939BEBD-C95F-4652-91EF-653AD8C9EBE5}.Debug|Any CPU.ActiveCfg = Debug|Any CPU
		{8939BEBD-C95F-4652-91EF-653AD8C9EBE5}.Debug|Any CPU.Build.0 = Debug|Any CPU
		{8939BEBD-C95F-4652-91EF-653AD8C9EBE5}.Release|Any CPU.ActiveCfg = Release|Any CPU
		{8939BEBD-C95F-4652-91EF-653AD8C9EBE5}.Release|Any CPU.Build.0 = Release|Any CPU
		{E3486E9F-E338-4998-AB9E-C61037AB9106}.Debug|Any CPU.ActiveCfg = Debug|Any CPU
		{E3486E9F-E338-4998-AB9E-C61037AB9106}.Debug|Any CPU.Build.0 = Debug|Any CPU
		{E3486E9F-E338-4998-AB9E-C61037AB9106}.Release|Any CPU.ActiveCfg = Release|Any CPU
		{E3486E9F-E338-4998-AB9E-C61037AB9106}.Release|Any CPU.Build.0 = Release|Any CPU
		{6BE7EE0A-7EA4-4B0E-A683-FA094068A1DC}.Debug|Any CPU.ActiveCfg = Debug|Any CPU
		{6BE7EE0A-7EA4-4B0E-A683-FA094068A1DC}.Debug|Any CPU.Build.0 = Debug|Any CPU
		{6BE7EE0A-7EA4-4B0E-A683-FA094068A1DC}.Release|Any CPU.ActiveCfg = Release|Any CPU
		{6BE7EE0A-7EA4-4B0E-A683-FA094068A1DC}.Release|Any CPU.Build.0 = Release|Any CPU
	EndGlobalSection
	GlobalSection(SolutionProperties) = preSolution
		HideSolutionNode = FALSE
	EndGlobalSection
	GlobalSection(NestedProjects) = preSolution
		{7AC78E22-0191-4F89-948D-60D5CC2D1117} = {DB160D4D-90D2-45EA-A8BF-698A577D37D7}
		{5189CFFB-36C9-4D18-A8A4-6A54F949B448} = {DB160D4D-90D2-45EA-A8BF-698A577D37D7}
		{AF0C77BC-5129-422B-B8D6-B57D0E3F4E05} = {DB160D4D-90D2-45EA-A8BF-698A577D37D7}
		{8939BEBD-C95F-4652-91EF-653AD8C9EBE5} = {DB160D4D-90D2-45EA-A8BF-698A577D37D7}
		{10043412-25D3-4E3D-BD44-3FF3674B95EB} = {3C765C50-6409-4F24-82C5-1564BC9D27F6}
		{E3486E9F-E338-4998-AB9E-C61037AB9106} = {10043412-25D3-4E3D-BD44-3FF3674B95EB}
		{6BE7EE0A-7EA4-4B0E-A683-FA094068A1DC} = {10043412-25D3-4E3D-BD44-3FF3674B95EB}
	EndGlobalSection
	GlobalSection(ExtensibilityGlobals) = postSolution
		SolutionGuid = {E10EEC82-787F-45F6-A5E3-B605950E9F9B}
	EndGlobalSection
EndGlobal
